PODS:
  - Alamofire (5.6.4)
  - Kingfisher (6.3.1)

DEPENDENCIES:
  - Alamofire
  - Kingfisher

SPEC REPOS:
  trunk:
    - Alamofire
    - Kingfisher

SPEC CHECKSUMS:
  Alamofire: 4e95d97098eacb88856099c4fc79b526a299e48c
  Kingfisher: 016c8b653a35add51dd34a3aba36b580041acc74

PODFILE CHECKSUM: b1adf8ca27ee4a9590299d1078c0143d90199a5e

COCOAPODS: 1.11.3
