// !$*UTF8*$!
{
	archiveVersion = 1;
	classes = {
	};
	objectVersion = 56;
	objects = {

/* Begin PBXBuildFile section */
		CA15566D29B32A81006CF302 /* AppDelegate.swift in Sources */ = {isa = PBXBuildFile; fileRef = CA15566C29B32A81006CF302 /* AppDelegate.swift */; };
		CA15566F29B32A81006CF302 /* SceneDelegate.swift in Sources */ = {isa = PBXBuildFile; fileRef = CA15566E29B32A81006CF302 /* SceneDelegate.swift */; };
		CA15567129B32A81006CF302 /* ViewController.swift in Sources */ = {isa = PBXBuildFile; fileRef = CA15567029B32A81006CF302 /* ViewController.swift */; };
		CA15567429B32A81006CF302 /* Main.storyboard in Resources */ = {isa = PBXBuildFile; fileRef = CA15567229B32A81006CF302 /* Main.storyboard */; };
		CA15567629B32A83006CF302 /* Assets.xcassets in Resources */ = {isa = PBXBuildFile; fileRef = CA15567529B32A83006CF302 /* Assets.xcassets */; };
		CA15567929B32A83006CF302 /* LaunchScreen.storyboard in Resources */ = {isa = PBXBuildFile; fileRef = CA15567729B32A83006CF302 /* LaunchScreen.storyboard */; };
		CA15568429B32A83006CF302 /* sesi2_negaraTests.swift in Sources */ = {isa = PBXBuildFile; fileRef = CA15568329B32A83006CF302 /* sesi2_negaraTests.swift */; };
		CA15568E29B32A83006CF302 /* sesi2_negaraUITests.swift in Sources */ = {isa = PBXBuildFile; fileRef = CA15568D29B32A83006CF302 /* sesi2_negaraUITests.swift */; };
		CA15569029B32A83006CF302 /* sesi2_negaraUITestsLaunchTests.swift in Sources */ = {isa = PBXBuildFile; fileRef = CA15568F29B32A83006CF302 /* sesi2_negaraUITestsLaunchTests.swift */; };
/* End PBXBuildFile section */

/* Begin PBXContainerItemProxy section */
		CA15568029B32A83006CF302 /* PBXContainerItemProxy */ = {
			isa = PBXContainerItemProxy;
			containerPortal = CA15566129B32A81006CF302 /* Project object */;
			proxyType = 1;
			remoteGlobalIDString = CA15566829B32A81006CF302;
			remoteInfo = "sesi2-negara";
		};
		CA15568A29B32A83006CF302 /* PBXContainerItemProxy */ = {
			isa = PBXContainerItemProxy;
			containerPortal = CA15566129B32A81006CF302 /* Project object */;
			proxyType = 1;
			remoteGlobalIDString = CA15566829B32A81006CF302;
			remoteInfo = "sesi2-negara";
		};
/* End PBXContainerItemProxy section */

/* Begin PBXFileReference section */
		CA15566929B32A81006CF302 /* sesi2-negara.app */ = {isa = PBXFileReference; explicitFileType = wrapper.application; includeInIndex = 0; path = "sesi2-negara.app"; sourceTree = BUILT_PRODUCTS_DIR; };
		CA15566C29B32A81006CF302 /* AppDelegate.swift */ = {isa = PBXFileReference; lastKnownFileType = sourcecode.swift; path = AppDelegate.swift; sourceTree = "<group>"; };
		CA15566E29B32A81006CF302 /* SceneDelegate.swift */ = {isa = PBXFileReference; lastKnownFileType = sourcecode.swift; path = SceneDelegate.swift; sourceTree = "<group>"; };
		CA15567029B32A81006CF302 /* ViewController.swift */ = {isa = PBXFileReference; lastKnownFileType = sourcecode.swift; path = ViewController.swift; sourceTree = "<group>"; };
		CA15567329B32A81006CF302 /* Base */ = {isa = PBXFileReference; lastKnownFileType = file.storyboard; name = Base; path = Base.lproj/Main.storyboard; sourceTree = "<group>"; };
		CA15567529B32A83006CF302 /* Assets.xcassets */ = {isa = PBXFileReference; lastKnownFileType = folder.assetcatalog; path = Assets.xcassets; sourceTree = "<group>"; };
		CA15567829B32A83006CF302 /* Base */ = {isa = PBXFileReference; lastKnownFileType = file.storyboard; name = Base; path = Base.lproj/LaunchScreen.storyboard; sourceTree = "<group>"; };
		CA15567A29B32A83006CF302 /* Info.plist */ = {isa = PBXFileReference; lastKnownFileType = text.plist.xml; path = Info.plist; sourceTree = "<group>"; };
		CA15567F29B32A83006CF302 /* sesi2-negaraTests.xctest */ = {isa = PBXFileReference; explicitFileType = wrapper.cfbundle; includeInIndex = 0; path = "sesi2-negaraTests.xctest"; sourceTree = BUILT_PRODUCTS_DIR; };
		CA15568329B32A83006CF302 /* sesi2_negaraTests.swift */ = {isa = PBXFileReference; lastKnownFileType = sourcecode.swift; path = sesi2_negaraTests.swift; sourceTree = "<group>"; };
		CA15568929B32A83006CF302 /* sesi2-negaraUITests.xctest */ = {isa = PBXFileReference; explicitFileType = wrapper.cfbundle; includeInIndex = 0; path = "sesi2-negaraUITests.xctest"; sourceTree = BUILT_PRODUCTS_DIR; };
		CA15568D29B32A83006CF302 /* sesi2_negaraUITests.swift */ = {isa = PBXFileReference; lastKnownFileType = sourcecode.swift; path = sesi2_negaraUITests.swift; sourceTree = "<group>"; };
		CA15568F29B32A83006CF302 /* sesi2_negaraUITestsLaunchTests.swift */ = {isa = PBXFileReference; lastKnownFileType = sourcecode.swift; path = sesi2_negaraUITestsLaunchTests.swift; sourceTree = "<group>"; };
/* End PBXFileReference section */

/* Begin PBXFrameworksBuildPhase section */
		CA15566629B32A81006CF302 /* Frameworks */ = {
			isa = PBXFrameworksBuildPhase;
			buildActionMask = 2147483647;
			files = (
			);
			runOnlyForDeploymentPostprocessing = 0;
		};
		CA15567C29B32A83006CF302 /* Frameworks */ = {
			isa = PBXFrameworksBuildPhase;
			buildActionMask = 2147483647;
			files = (
			);
			runOnlyForDeploymentPostprocessing = 0;
		};
		CA15568629B32A83006CF302 /* Frameworks */ = {
			isa = PBXFrameworksBuildPhase;
			buildActionMask = 2147483647;
			files = (
			);
			runOnlyForDeploymentPostprocessing = 0;
		};
/* End PBXFrameworksBuildPhase section */

/* Begin PBXGroup section */
		CA15566029B32A81006CF302 = {
			isa = PBXGroup;
			children = (
				CA15566B29B32A81006CF302 /* sesi2-negara */,
				CA15568229B32A83006CF302 /* sesi2-negaraTests */,
				CA15568C29B32A83006CF302 /* sesi2-negaraUITests */,
				CA15566A29B32A81006CF302 /* Products */,
			);
			sourceTree = "<group>";
		};
		CA15566A29B32A81006CF302 /* Products */ = {
			isa = PBXGroup;
			children = (
				CA15566929B32A81006CF302 /* sesi2-negara.app */,
				CA15567F29B32A83006CF302 /* sesi2-negaraTests.xctest */,
				CA15568929B32A83006CF302 /* sesi2-negaraUITests.xctest */,
			);
			name = Products;
			sourceTree = "<group>";
		};
		CA15566B29B32A81006CF302 /* sesi2-negara */ = {
			isa = PBXGroup;
			children = (
				CA15566C29B32A81006CF302 /* AppDelegate.swift */,
				CA15566E29B32A81006CF302 /* SceneDelegate.swift */,
				CA15567029B32A81006CF302 /* ViewController.swift */,
				CA15567229B32A81006CF302 /* Main.storyboard */,
				CA15567529B32A83006CF302 /* Assets.xcassets */,
				CA15567729B32A83006CF302 /* LaunchScreen.storyboard */,
				CA15567A29B32A83006CF302 /* Info.plist */,
			);
			path = "sesi2-negara";
			sourceTree = "<group>";
		};
		CA15568229B32A83006CF302 /* sesi2-negaraTests */ = {
			isa = PBXGroup;
			children = (
				CA15568329B32A83006CF302 /* sesi2_negaraTests.swift */,
			);
			path = "sesi2-negaraTests";
			sourceTree = "<group>";
		};
		CA15568C29B32A83006CF302 /* sesi2-negaraUITests */ = {
			isa = PBXGroup;
			children = (
				CA15568D29B32A83006CF302 /* sesi2_negaraUITests.swift */,
				CA15568F29B32A83006CF302 /* sesi2_negaraUITestsLaunchTests.swift */,
			);
			path = "sesi2-negaraUITests";
			sourceTree = "<group>";
		};
/* End PBXGroup section */

/* Begin PBXNativeTarget section */
		CA15566829B32A81006CF302 /* sesi2-negara */ = {
			isa = PBXNativeTarget;
			buildConfigurationList = CA15569329B32A83006CF302 /* Build configuration list for PBXNativeTarget "sesi2-negara" */;
			buildPhases = (
				CA15566529B32A81006CF302 /* Sources */,
				CA15566629B32A81006CF302 /* Frameworks */,
				CA15566729B32A81006CF302 /* Resources */,
			);
			buildRules = (
			);
			dependencies = (
			);
			name = "sesi2-negara";
			productName = "sesi2-negara";
			productReference = CA15566929B32A81006CF302 /* sesi2-negara.app */;
			productType = "com.apple.product-type.application";
		};
		CA15567E29B32A83006CF302 /* sesi2-negaraTests */ = {
			isa = PBXNativeTarget;
			buildConfigurationList = CA15569629B32A83006CF302 /* Build configuration list for PBXNativeTarget "sesi2-negaraTests" */;
			buildPhases = (
				CA15567B29B32A83006CF302 /* Sources */,
				CA15567C29B32A83006CF302 /* Frameworks */,
				CA15567D29B32A83006CF302 /* Resources */,
			);
			buildRules = (
			);
			dependencies = (
				CA15568129B32A83006CF302 /* PBXTargetDependency */,
			);
			name = "sesi2-negaraTests";
			productName = "sesi2-negaraTests";
			productReference = CA15567F29B32A83006CF302 /* sesi2-negaraTests.xctest */;
			productType = "com.apple.product-type.bundle.unit-test";
		};
		CA15568829B32A83006CF302 /* sesi2-negaraUITests */ = {
			isa = PBXNativeTarget;
			buildConfigurationList = CA15569929B32A83006CF302 /* Build configuration list for PBXNativeTarget "sesi2-negaraUITests" */;
			buildPhases = (
				CA15568529B32A83006CF302 /* Sources */,
				CA15568629B32A83006CF302 /* Frameworks */,
				CA15568729B32A83006CF302 /* Resources */,
			);
			buildRules = (
			);
			dependencies = (
				CA15568B29B32A83006CF302 /* PBXTargetDependency */,
			);
			name = "sesi2-negaraUITests";
			productName = "sesi2-negaraUITests";
			productReference = CA15568929B32A83006CF302 /* sesi2-negaraUITests.xctest */;
			productType = "com.apple.product-type.bundle.ui-testing";
		};
/* End PBXNativeTarget section */

/* Begin PBXProject section */
		CA15566129B32A81006CF302 /* Project object */ = {
			isa = PBXProject;
			attributes = {
				BuildIndependentTargetsInParallel = 1;
				LastSwiftUpdateCheck = 1420;
				LastUpgradeCheck = 1420;
				TargetAttributes = {
					CA15566829B32A81006CF302 = {
						CreatedOnToolsVersion = 14.2;
					};
					CA15567E29B32A83006CF302 = {
						CreatedOnToolsVersion = 14.2;
						TestTargetID = CA15566829B32A81006CF302;
					};
					CA15568829B32A83006CF302 = {
						CreatedOnToolsVersion = 14.2;
						TestTargetID = CA15566829B32A81006CF302;
					};
				};
			};
			buildConfigurationList = CA15566429B32A81006CF302 /* Build configuration list for PBXProject "sesi2-negara" */;
			compatibilityVersion = "Xcode 14.0";
			developmentRegion = en;
			hasScannedForEncodings = 0;
			knownRegions = (
				en,
				Base,
			);
			mainGroup = CA15566029B32A81006CF302;
			productRefGroup = CA15566A29B32A81006CF302 /* Products */;
			projectDirPath = "";
			projectRoot = "";
			targets = (
				CA15566829B32A81006CF302 /* sesi2-negara */,
				CA15567E29B32A83006CF302 /* sesi2-negaraTests */,
				CA15568829B32A83006CF302 /* sesi2-negaraUITests */,
			);
		};
/* End PBXProject section */

/* Begin PBXResourcesBuildPhase section */
		CA15566729B32A81006CF302 /* Resources */ = {
			isa = PBXResourcesBuildPhase;
			buildActionMask = 2147483647;
			files = (
				CA15567929B32A83006CF302 /* LaunchScreen.storyboard in Resources */,
				CA15567629B32A83006CF302 /* Assets.xcassets in Resources */,
				CA15567429B32A81006CF302 /* Main.storyboard in Resources */,
			);
			runOnlyForDeploymentPostprocessing = 0;
		};
		CA15567D29B32A83006CF302 /* Resources */ = {
			isa = PBXResourcesBuildPhase;
			buildActionMask = 2147483647;
			files = (
			);
			runOnlyForDeploymentPostprocessing = 0;
		};
		CA15568729B32A83006CF302 /* Resources */ = {
			isa = PBXResourcesBuildPhase;
			buildActionMask = 2147483647;
			files = (
			);
			runOnlyForDeploymentPostprocessing = 0;
		};
/* End PBXResourcesBuildPhase section */

/* Begin PBXSourcesBuildPhase section */
		CA15566529B32A81006CF302 /* Sources */ = {
			isa = PBXSourcesBuildPhase;
			buildActionMask = 2147483647;
			files = (
				CA15567129B32A81006CF302 /* ViewController.swift in Sources */,
				CA15566D29B32A81006CF302 /* AppDelegate.swift in Sources */,
				CA15566F29B32A81006CF302 /* SceneDelegate.swift in Sources */,
			);
			runOnlyForDeploymentPostprocessing = 0;
		};
		CA15567B29B32A83006CF302 /* Sources */ = {
			isa = PBXSourcesBuildPhase;
			buildActionMask = 2147483647;
			files = (
				CA15568429B32A83006CF302 /* sesi2_negaraTests.swift in Sources */,
			);
			runOnlyForDeploymentPostprocessing = 0;
		};
		CA15568529B32A83006CF302 /* Sources */ = {
			isa = PBXSourcesBuildPhase;
			buildActionMask = 2147483647;
			files = (
				CA15568E29B32A83006CF302 /* sesi2_negaraUITests.swift in Sources */,
				CA15569029B32A83006CF302 /* sesi2_negaraUITestsLaunchTests.swift in Sources */,
			);
			runOnlyForDeploymentPostprocessing = 0;
		};
/* End PBXSourcesBuildPhase section */

/* Begin PBXTargetDependency section */
		CA15568129B32A83006CF302 /* PBXTargetDependency */ = {
			isa = PBXTargetDependency;
			target = CA15566829B32A81006CF302 /* sesi2-negara */;
			targetProxy = CA15568029B32A83006CF302 /* PBXContainerItemProxy */;
		};
		CA15568B29B32A83006CF302 /* PBXTargetDependency */ = {
			isa = PBXTargetDependency;
			target = CA15566829B32A81006CF302 /* sesi2-negara */;
			targetProxy = CA15568A29B32A83006CF302 /* PBXContainerItemProxy */;
		};
/* End PBXTargetDependency section */

/* Begin PBXVariantGroup section */
		CA15567229B32A81006CF302 /* Main.storyboard */ = {
			isa = PBXVariantGroup;
			children = (
				CA15567329B32A81006CF302 /* Base */,
			);
			name = Main.storyboard;
			sourceTree = "<group>";
		};
		CA15567729B32A83006CF302 /* LaunchScreen.storyboard */ = {
			isa = PBXVariantGroup;
			children = (
				CA15567829B32A83006CF302 /* Base */,
			);
			name = LaunchScreen.storyboard;
			sourceTree = "<group>";
		};
/* End PBXVariantGroup section */

/* Begin XCBuildConfiguration section */
		CA15569129B32A83006CF302 /* Debug */ = {
			isa = XCBuildConfiguration;
			buildSettings = {
				ALWAYS_SEARCH_USER_PATHS = NO;
				CLANG_ANALYZER_NONNULL = YES;
				CLANG_ANALYZER_NUMBER_OBJECT_CONVERSION = YES_AGGRESSIVE;
				CLANG_CXX_LANGUAGE_STANDARD = "gnu++20";
				CLANG_ENABLE_MODULES = YES;
				CLANG_ENABLE_OBJC_ARC = YES;
				CLANG_ENABLE_OBJC_WEAK = YES;
				CLANG_WARN_BLOCK_CAPTURE_AUTORELEASING = YES;
				CLANG_WARN_BOOL_CONVERSION = YES;
				CLANG_WARN_COMMA = YES;
				CLANG_WARN_CONSTANT_CONVERSION = YES;
				CLANG_WARN_DEPRECATED_OBJC_IMPLEMENTATIONS = YES;
				CLANG_WARN_DIRECT_OBJC_ISA_USAGE = YES_ERROR;
				CLANG_WARN_DOCUMENTATION_COMMENTS = YES;
				CLANG_WARN_EMPTY_BODY = YES;
				CLANG_WARN_ENUM_CONVERSION = YES;
				CLANG_WARN_INFINITE_RECURSION = YES;
				CLANG_WARN_INT_CONVERSION = YES;
				CLANG_WARN_NON_LITERAL_NULL_CONVERSION = YES;
				CLANG_WARN_OBJC_IMPLICIT_RETAIN_SELF = YES;
				CLANG_WARN_OBJC_LITERAL_CONVERSION = YES;
				CLANG_WARN_OBJC_ROOT_CLASS = YES_ERROR;
				CLANG_WARN_QUOTED_INCLUDE_IN_FRAMEWORK_HEADER = YES;
				CLANG_WARN_RANGE_LOOP_ANALYSIS = YES;
				CLANG_WARN_STRICT_PROTOTYPES = YES;
				CLANG_WARN_SUSPICIOUS_MOVE = YES;
				CLANG_WARN_UNGUARDED_AVAILABILITY = YES_AGGRESSIVE;
				CLANG_WARN_UNREACHABLE_CODE = YES;
				CLANG_WARN__DUPLICATE_METHOD_MATCH = YES;
				COPY_PHASE_STRIP = NO;
				DEBUG_INFORMATION_FORMAT = dwarf;
				ENABLE_STRICT_OBJC_MSGSEND = YES;
				ENABLE_TESTABILITY = YES;
				GCC_C_LANGUAGE_STANDARD = gnu11;
				GCC_DYNAMIC_NO_PIC = NO;
				GCC_NO_COMMON_BLOCKS = YES;
				GCC_OPTIMIZATION_LEVEL = 0;
				GCC_PREPROCESSOR_DEFINITIONS = (
					"DEBUG=1",
					"$(inherited)",
				);
				GCC_WARN_64_TO_32_BIT_CONVERSION = YES;
				GCC_WARN_ABOUT_RETURN_TYPE = YES_ERROR;
				GCC_WARN_UNDECLARED_SELECTOR = YES;
				GCC_WARN_UNINITIALIZED_AUTOS = YES_AGGRESSIVE;
				GCC_WARN_UNUSED_FUNCTION = YES;
				GCC_WARN_UNUSED_VARIABLE = YES;
				IPHONEOS_DEPLOYMENT_TARGET = 16.2;
				MTL_ENABLE_DEBUG_INFO = INCLUDE_SOURCE;
				MTL_FAST_MATH = YES;
				ONLY_ACTIVE_ARCH = YES;
				SDKROOT = iphoneos;
				SWIFT_ACTIVE_COMPILATION_CONDITIONS = DEBUG;
				SWIFT_OPTIMIZATION_LEVEL = "-Onone";
			};
			name = Debug;
		};
		CA15569229B32A83006CF302 /* Release */ = {
			isa = XCBuildConfiguration;
			buildSettings = {
				ALWAYS_SEARCH_USER_PATHS = NO;
				CLANG_ANALYZER_NONNULL = YES;
				CLANG_ANALYZER_NUMBER_OBJECT_CONVERSION = YES_AGGRESSIVE;
				CLANG_CXX_LANGUAGE_STANDARD = "gnu++20";
				CLANG_ENABLE_MODULES = YES;
				CLANG_ENABLE_OBJC_ARC = YES;
				CLANG_ENABLE_OBJC_WEAK = YES;
				CLANG_WARN_BLOCK_CAPTURE_AUTORELEASING = YES;
				CLANG_WARN_BOOL_CONVERSION = YES;
				CLANG_WARN_COMMA = YES;
				CLANG_WARN_CONSTANT_CONVERSION = YES;
				CLANG_WARN_DEPRECATED_OBJC_IMPLEMENTATIONS = YES;
				CLANG_WARN_DIRECT_OBJC_ISA_USAGE = YES_ERROR;
				CLANG_WARN_DOCUMENTATION_COMMENTS = YES;
				CLANG_WARN_EMPTY_BODY = YES;
				CLANG_WARN_ENUM_CONVERSION = YES;
				CLANG_WARN_INFINITE_RECURSION = YES;
				CLANG_WARN_INT_CONVERSION = YES;
				CLANG_WARN_NON_LITERAL_NULL_CONVERSION = YES;
				CLANG_WARN_OBJC_IMPLICIT_RETAIN_SELF = YES;
				CLANG_WARN_OBJC_LITERAL_CONVERSION = YES;
				CLANG_WARN_OBJC_ROOT_CLASS = YES_ERROR;
				CLANG_WARN_QUOTED_INCLUDE_IN_FRAMEWORK_HEADER = YES;
				CLANG_WARN_RANGE_LOOP_ANALYSIS = YES;
				CLANG_WARN_STRICT_PROTOTYPES = YES;
				CLANG_WARN_SUSPICIOUS_MOVE = YES;
				CLANG_WARN_UNGUARDED_AVAILABILITY = YES_AGGRESSIVE;
				CLANG_WARN_UNREACHABLE_CODE = YES;
				CLANG_WARN__DUPLICATE_METHOD_MATCH = YES;
				COPY_PHASE_STRIP = NO;
				DEBUG_INFORMATION_FORMAT = "dwarf-with-dsym";
				ENABLE_NS_ASSERTIONS = NO;
				ENABLE_STRICT_OBJC_MSGSEND = YES;
				GCC_C_LANGUAGE_STANDARD = gnu11;
				GCC_NO_COMMON_BLOCKS = YES;
				GCC_WARN_64_TO_32_BIT_CONVERSION = YES;
				GCC_WARN_ABOUT_RETURN_TYPE = YES_ERROR;
				GCC_WARN_UNDECLARED_SELECTOR = YES;
				GCC_WARN_UNINITIALIZED_AUTOS = YES_AGGRESSIVE;
				GCC_WARN_UNUSED_FUNCTION = YES;
				GCC_WARN_UNUSED_VARIABLE = YES;
				IPHONEOS_DEPLOYMENT_TARGET = 16.2;
				MTL_ENABLE_DEBUG_INFO = NO;
				MTL_FAST_MATH = YES;
				SDKROOT = iphoneos;
				SWIFT_COMPILATION_MODE = wholemodule;
				SWIFT_OPTIMIZATION_LEVEL = "-O";
				VALIDATE_PRODUCT = YES;
			};
			name = Release;
		};
		CA15569429B32A83006CF302 /* Debug */ = {
			isa = XCBuildConfiguration;
			buildSettings = {
				ASSETCATALOG_COMPILER_APPICON_NAME = AppIcon;
				ASSETCATALOG_COMPILER_GLOBAL_ACCENT_COLOR_NAME = AccentColor;
				CODE_SIGN_STYLE = Automatic;
				CURRENT_PROJECT_VERSION = 1;
				DEVELOPMENT_TEAM = 6CG4W4UGXP;
				GENERATE_INFOPLIST_FILE = YES;
				INFOPLIST_FILE = "sesi2-negara/Info.plist";
				INFOPLIST_KEY_UIApplicationSupportsIndirectInputEvents = YES;
				INFOPLIST_KEY_UILaunchStoryboardName = LaunchScreen;
				INFOPLIST_KEY_UIMainStoryboardFile = Main;
				INFOPLIST_KEY_UISupportedInterfaceOrientations_iPad = "UIInterfaceOrientationPortrait UIInterfaceOrientationPortraitUpsideDown UIInterfaceOrientationLandscapeLeft UIInterfaceOrientationLandscapeRight";
				INFOPLIST_KEY_UISupportedInterfaceOrientations_iPhone = "UIInterfaceOrientationPortrait UIInterfaceOrientationLandscapeLeft UIInterfaceOrientationLandscapeRight";
				LD_RUNPATH_SEARCH_PATHS = (
					"$(inherited)",
					"@executable_path/Frameworks",
				);
				MARKETING_VERSION = 1.0;
				PRODUCT_BUNDLE_IDENTIFIER = "com.dony.sesi2-negara";
				PRODUCT_NAME = "$(TARGET_NAME)";
				SWIFT_EMIT_LOC_STRINGS = YES;
				SWIFT_VERSION = 5.0;
				TARGETED_DEVICE_FAMILY = "1,2";
			};
			name = Debug;
		};
		CA15569529B32A83006CF302 /* Release */ = {
			isa = XCBuildConfiguration;
			buildSettings = {
				ASSETCATALOG_COMPILER_APPICON_NAME = AppIcon;
				ASSETCATALOG_COMPILER_GLOBAL_ACCENT_COLOR_NAME = AccentColor;
				CODE_SIGN_STYLE = Automatic;
				CURRENT_PROJECT_VERSION = 1;
				DEVELOPMENT_TEAM = 6CG4W4UGXP;
				GENERATE_INFOPLIST_FILE = YES;
				INFOPLIST_FILE = "sesi2-negara/Info.plist";
				INFOPLIST_KEY_UIApplicationSupportsIndirectInputEvents = YES;
				INFOPLIST_KEY_UILaunchStoryboardName = LaunchScreen;
				INFOPLIST_KEY_UIMainStoryboardFile = Main;
				INFOPLIST_KEY_UISupportedInterfaceOrientations_iPad = "UIInterfaceOrientationPortrait UIInterfaceOrientationPortraitUpsideDown UIInterfaceOrientationLandscapeLeft UIInterfaceOrientationLandscapeRight";
				INFOPLIST_KEY_UISupportedInterfaceOrientations_iPhone = "UIInterfaceOrientationPortrait UIInterfaceOrientationLandscapeLeft UIInterfaceOrientationLandscapeRight";
				LD_RUNPATH_SEARCH_PATHS = (
					"$(inherited)",
					"@executable_path/Frameworks",
				);
				MARKETING_VERSION = 1.0;
				PRODUCT_BUNDLE_IDENTIFIER = "com.dony.sesi2-negara";
				PRODUCT_NAME = "$(TARGET_NAME)";
				SWIFT_EMIT_LOC_STRINGS = YES;
				SWIFT_VERSION = 5.0;
				TARGETED_DEVICE_FAMILY = "1,2";
			};
			name = Release;
		};
		CA15569729B32A83006CF302 /* Debug */ = {
			isa = XCBuildConfiguration;
			buildSettings = {
				ALWAYS_EMBED_SWIFT_STANDARD_LIBRARIES = YES;
				BUNDLE_LOADER = "$(TEST_HOST)";
				CODE_SIGN_STYLE = Automatic;
				CURRENT_PROJECT_VERSION = 1;
				DEVELOPMENT_TEAM = 6CG4W4UGXP;
				GENERATE_INFOPLIST_FILE = YES;
				IPHONEOS_DEPLOYMENT_TARGET = 16.2;
				MARKETING_VERSION = 1.0;
				PRODUCT_BUNDLE_IDENTIFIER = "com.dony.sesi2-negaraTests";
				PRODUCT_NAME = "$(TARGET_NAME)";
				SWIFT_EMIT_LOC_STRINGS = NO;
				SWIFT_VERSION = 5.0;
				TARGETED_DEVICE_FAMILY = "1,2";
				TEST_HOST = "$(BUILT_PRODUCTS_DIR)/sesi2-negara.app/$(BUNDLE_EXECUTABLE_FOLDER_PATH)/sesi2-negara";
			};
			name = Debug;
		};
		CA15569829B32A83006CF302 /* Release */ = {
			isa = XCBuildConfiguration;
			buildSettings = {
				ALWAYS_EMBED_SWIFT_STANDARD_LIBRARIES = YES;
				BUNDLE_LOADER = "$(TEST_HOST)";
				CODE_SIGN_STYLE = Automatic;
				CURRENT_PROJECT_VERSION = 1;
				DEVELOPMENT_TEAM = 6CG4W4UGXP;
				GENERATE_INFOPLIST_FILE = YES;
				IPHONEOS_DEPLOYMENT_TARGET = 16.2;
				MARKETING_VERSION = 1.0;
				PRODUCT_BUNDLE_IDENTIFIER = "com.dony.sesi2-negaraTests";
				PRODUCT_NAME = "$(TARGET_NAME)";
				SWIFT_EMIT_LOC_STRINGS = NO;
				SWIFT_VERSION = 5.0;
				TARGETED_DEVICE_FAMILY = "1,2";
				TEST_HOST = "$(BUILT_PRODUCTS_DIR)/sesi2-negara.app/$(BUNDLE_EXECUTABLE_FOLDER_PATH)/sesi2-negara";
			};
			name = Release;
		};
		CA15569A29B32A83006CF302 /* Debug */ = {
			isa = XCBuildConfiguration;
			buildSettings = {
				ALWAYS_EMBED_SWIFT_STANDARD_LIBRARIES = YES;
				CODE_SIGN_STYLE = Automatic;
				CURRENT_PROJECT_VERSION = 1;
				DEVELOPMENT_TEAM = 6CG4W4UGXP;
				GENERATE_INFOPLIST_FILE = YES;
				MARKETING_VERSION = 1.0;
				PRODUCT_BUNDLE_IDENTIFIER = "com.dony.sesi2-negaraUITests";
				PRODUCT_NAME = "$(TARGET_NAME)";
				SWIFT_EMIT_LOC_STRINGS = NO;
				SWIFT_VERSION = 5.0;
				TARGETED_DEVICE_FAMILY = "1,2";
				TEST_TARGET_NAME = "sesi2-negara";
			};
			name = Debug;
		};
		CA15569B29B32A83006CF302 /* Release */ = {
			isa = XCBuildConfiguration;
			buildSettings = {
				ALWAYS_EMBED_SWIFT_STANDARD_LIBRARIES = YES;
				CODE_SIGN_STYLE = Automatic;
				CURRENT_PROJECT_VERSION = 1;
				DEVELOPMENT_TEAM = 6CG4W4UGXP;
				GENERATE_INFOPLIST_FILE = YES;
				MARKETING_VERSION = 1.0;
				PRODUCT_BUNDLE_IDENTIFIER = "com.dony.sesi2-negaraUITests";
				PRODUCT_NAME = "$(TARGET_NAME)";
				SWIFT_EMIT_LOC_STRINGS = NO;
				SWIFT_VERSION = 5.0;
				TARGETED_DEVICE_FAMILY = "1,2";
				TEST_TARGET_NAME = "sesi2-negara";
			};
			name = Release;
		};
/* End XCBuildConfiguration section */

/* Begin XCConfigurationList section */
		CA15566429B32A81006CF302 /* Build configuration list for PBXProject "sesi2-negara" */ = {
			isa = XCConfigurationList;
			buildConfigurations = (
				CA15569129B32A83006CF302 /* Debug */,
				CA15569229B32A83006CF302 /* Release */,
			);
			defaultConfigurationIsVisible = 0;
			defaultConfigurationName = Release;
		};
		CA15569329B32A83006CF302 /* Build configuration list for PBXNativeTarget "sesi2-negara" */ = {
			isa = XCConfigurationList;
			buildConfigurations = (
				CA15569429B32A83006CF302 /* Debug */,
				CA15569529B32A83006CF302 /* Release */,
			);
			defaultConfigurationIsVisible = 0;
			defaultConfigurationName = Release;
		};
		CA15569629B32A83006CF302 /* Build configuration list for PBXNativeTarget "sesi2-negaraTests" */ = {
			isa = XCConfigurationList;
			buildConfigurations = (
				CA15569729B32A83006CF302 /* Debug */,
				CA15569829B32A83006CF302 /* Release */,
			);
			defaultConfigurationIsVisible = 0;
			defaultConfigurationName = Release;
		};
		CA15569929B32A83006CF302 /* Build configuration list for PBXNativeTarget "sesi2-negaraUITests" */ = {
			isa = XCConfigurationList;
			buildConfigurations = (
				CA15569A29B32A83006CF302 /* Debug */,
				CA15569B29B32A83006CF302 /* Release */,
			);
			defaultConfigurationIsVisible = 0;
			defaultConfigurationName = Release;
		};
/* End XCConfigurationList section */
	};
	rootObject = CA15566129B32A81006CF302 /* Project object */;
}
